
Microsoft Visual Studio Solution File, Format Version 12.00
# Visual Studio Version 17
VisualStudioVersion = 17.4.33213.308
MinimumVisualStudioVersion = 10.0.40219.1
Project("{FAE04EC0-301F-11D3-BF4B-00C04F79EFBC}") = "ConsolePojistky", "ConsolePojistky\ConsolePojistky.csproj", "{1BA1BF31-F8DE-46E5-9561-93BD794CA2E4}"
EndProject
Global
	GlobalSection(SolutionConfigurationPlatforms) = preSolution
		Debug|Any CPU = Debug|Any CPU
		Release|Any CPU = Release|Any CPU
	EndGlobalSection
	GlobalSection(ProjectConfigurationPlatforms) = postSolution
		{1BA1BF31-F8DE-46E5-9561-93BD794CA2E4}.Debug|Any CPU.ActiveCfg = Debug|Any CPU
		{1BA1BF31-F8DE-46E5-9561-93BD794CA2E4}.Debug|Any CPU.Build.0 = Debug|Any CPU
		{1BA1BF31-F8DE-46E5-9561-93BD794CA2E4}.Release|Any CPU.ActiveCfg = Release|Any CPU
		{1BA1BF31-F8DE-46E5-9561-93BD794CA2E4}.Release|Any CPU.Build.0 = Release|Any CPU
	EndGlobalSection
	GlobalSection(SolutionProperties) = preSolution
		HideSolutionNode = FALSE
	EndGlobalSection
	GlobalSection(ExtensibilityGlobals) = postSolution
		SolutionGuid = {7A0A65E3-4285-4904-8D57-D3C0680060F5}
	EndGlobalSection
EndGlobal
